
Microsoft Visual Studio Solution File, Format Version 12.00
# Visual Studio 2012
Project("{FAE04EC0-301F-11D3-BF4B-00C04F79EFBC}") = "pinterestPicUpload", "pinterestPicUpload\pinterestPicUpload.csproj", "{C636367E-F783-4D2C-8BC7-75AEFAC215D7}"
EndProject
Project("{FAE04EC0-301F-11D3-BF4B-00C04F79EFBC}") = "updater", "updater\updater.csproj", "{B3FF3CAC-D13A-4650-9420-6F15E448F4E1}"
EndProject
Global
	GlobalSection(SolutionConfigurationPlatforms) = preSolution
		Debug|Any CPU = Debug|Any CPU
		Release|Any CPU = Release|Any CPU
	EndGlobalSection
	GlobalSection(ProjectConfigurationPlatforms) = postSolution
		{C636367E-F783-4D2C-8BC7-75AEFAC215D7}.Debug|Any CPU.ActiveCfg = Debug|Any CPU
		{C636367E-F783-4D2C-8BC7-75AEFAC215D7}.Debug|Any CPU.Build.0 = Debug|Any CPU
		{C636367E-F783-4D2C-8BC7-75AEFAC215D7}.Release|Any CPU.ActiveCfg = Release|Any CPU
		{C636367E-F783-4D2C-8BC7-75AEFAC215D7}.Release|Any CPU.Build.0 = Release|Any CPU
		{B3FF3CAC-D13A-4650-9420-6F15E448F4E1}.Debug|Any CPU.ActiveCfg = Debug|Any CPU
		{B3FF3CAC-D13A-4650-9420-6F15E448F4E1}.Debug|Any CPU.Build.0 = Debug|Any CPU
		{B3FF3CAC-D13A-4650-9420-6F15E448F4E1}.Release|Any CPU.ActiveCfg = Release|Any CPU
		{B3FF3CAC-D13A-4650-9420-6F15E448F4E1}.Release|Any CPU.Build.0 = Release|Any CPU
	EndGlobalSection
	GlobalSection(SolutionProperties) = preSolution
		HideSolutionNode = FALSE
	EndGlobalSection
EndGlobal
